// !$*UTF8*$!
{
	archiveVersion = 1;
	classes = {
	};
	objectVersion = 48;
	objects = {

/* Begin PBXBuildFile section */
		F4A8066A2061C1EB00203657 /* AppDelegate.swift in Sources */ = {isa = PBXBuildFile; fileRef = F4A806692061C1EB00203657 /* AppDelegate.swift */; };
		F4A8066C2061C1EB00203657 /* ViewController.swift in Sources */ = {isa = PBXBuildFile; fileRef = F4A8066B2061C1EB00203657 /* ViewController.swift */; };
		F4A8066F2061C1EB00203657 /* Main.storyboard in Resources */ = {isa = PBXBuildFile; fileRef = F4A8066D2061C1EB00203657 /* Main.storyboard */; };
		F4A806712061C1EB00203657 /* Assets.xcassets in Resources */ = {isa = PBXBuildFile; fileRef = F4A806702061C1EB00203657 /* Assets.xcassets */; };
		F4A806742061C1EB00203657 /* LaunchScreen.storyboard in Resources */ = {isa = PBXBuildFile; fileRef = F4A806722061C1EB00203657 /* LaunchScreen.storyboard */; };
		F4A8067F2061C1EB00203657 /* CounterTests.swift in Sources */ = {isa = PBXBuildFile; fileRef = F4A8067E2061C1EB00203657 /* CounterTests.swift */; };
		F4A8068A2061C1EB00203657 /* CounterUITests.swift in Sources */ = {isa = PBXBuildFile; fileRef = F4A806892061C1EB00203657 /* CounterUITests.swift */; };
/* End PBXBuildFile section */

/* Begin PBXContainerItemProxy section */
		F4A8067B2061C1EB00203657 /* PBXContainerItemProxy */ = {
			isa = PBXContainerItemProxy;
			containerPortal = F4A8065E2061C1EB00203657 /* Project object */;
			proxyType = 1;
			remoteGlobalIDString = F4A806652061C1EB00203657;
			remoteInfo = Counter;
		};
		F4A806862061C1EB00203657 /* PBXContainerItemProxy */ = {
			isa = PBXContainerItemProxy;
			containerPortal = F4A8065E2061C1EB00203657 /* Project object */;
			proxyType = 1;
			remoteGlobalIDString = F4A806652061C1EB00203657;
			remoteInfo = Counter;
		};
/* End PBXContainerItemProxy section */

/* Begin PBXFileReference section */
		F4A806662061C1EB00203657 /* Counter.app */ = {isa = PBXFileReference; explicitFileType = wrapper.application; includeInIndex = 0; path = Counter.app; sourceTree = BUILT_PRODUCTS_DIR; };
		F4A806692061C1EB00203657 /* AppDelegate.swift */ = {isa = PBXFileReference; lastKnownFileType = sourcecode.swift; path = AppDelegate.swift; sourceTree = "<group>"; };
		F4A8066B2061C1EB00203657 /* ViewController.swift */ = {isa = PBXFileReference; lastKnownFileType = sourcecode.swift; path = ViewController.swift; sourceTree = "<group>"; };
		F4A8066E2061C1EB00203657 /* Base */ = {isa = PBXFileReference; lastKnownFileType = file.storyboard; name = Base; path = Base.lproj/Main.storyboard; sourceTree = "<group>"; };
		F4A806702061C1EB00203657 /* Assets.xcassets */ = {isa = PBXFileReference; lastKnownFileType = folder.assetcatalog; path = Assets.xcassets; sourceTree = "<group>"; };
		F4A806732061C1EB00203657 /* Base */ = {isa = PBXFileReference; lastKnownFileType = file.storyboard; name = Base; path = Base.lproj/LaunchScreen.storyboard; sourceTree = "<group>"; };
		F4A806752061C1EB00203657 /* Info.plist */ = {isa = PBXFileReference; lastKnownFileType = text.plist.xml; path = Info.plist; sourceTree = "<group>"; };
		F4A8067A2061C1EB00203657 /* CounterTests.xctest */ = {isa = PBXFileReference; explicitFileType = wrapper.cfbundle; includeInIndex = 0; path = CounterTests.xctest; sourceTree = BUILT_PRODUCTS_DIR; };
		F4A8067E2061C1EB00203657 /* CounterTests.swift */ = {isa = PBXFileReference; lastKnownFileType = sourcecode.swift; path = CounterTests.swift; sourceTree = "<group>"; };
		F4A806802061C1EB00203657 /* Info.plist */ = {isa = PBXFileReference; lastKnownFileType = text.plist.xml; path = Info.plist; sourceTree = "<group>"; };
		F4A806852061C1EB00203657 /* CounterUITests.xctest */ = {isa = PBXFileReference; explicitFileType = wrapper.cfbundle; includeInIndex = 0; path = CounterUITests.xctest; sourceTree = BUILT_PRODUCTS_DIR; };
		F4A806892061C1EB00203657 /* CounterUITests.swift */ = {isa = PBXFileReference; lastKnownFileType = sourcecode.swift; path = CounterUITests.swift; sourceTree = "<group>"; };
		F4A8068B2061C1EB00203657 /* Info.plist */ = {isa = PBXFileReference; lastKnownFileType = text.plist.xml; path = Info.plist; sourceTree = "<group>"; };
/* End PBXFileReference section */

/* Begin PBXFrameworksBuildPhase section */
		F4A806632061C1EB00203657 /* Frameworks */ = {
			isa = PBXFrameworksBuildPhase;
			buildActionMask = 2147483647;
			files = (
			);
			runOnlyForDeploymentPostprocessing = 0;
		};
		F4A806772061C1EB00203657 /* Frameworks */ = {
			isa = PBXFrameworksBuildPhase;
			buildActionMask = 2147483647;
			files = (
			);
			runOnlyForDeploymentPostprocessing = 0;
		};
		F4A806822061C1EB00203657 /* Frameworks */ = {
			isa = PBXFrameworksBuildPhase;
			buildActionMask = 2147483647;
			files = (
			);
			runOnlyForDeploymentPostprocessing = 0;
		};
/* End PBXFrameworksBuildPhase section */

/* Begin PBXGroup section */
		F4A8065D2061C1EB00203657 = {
			isa = PBXGroup;
			children = (
				F4A806682061C1EB00203657 /* Counter */,
				F4A8067D2061C1EB00203657 /* CounterTests */,
				F4A806882061C1EB00203657 /* CounterUITests */,
				F4A806672061C1EB00203657 /* Products */,
			);
			sourceTree = "<group>";
		};
		F4A806672061C1EB00203657 /* Products */ = {
			isa = PBXGroup;
			children = (
				F4A806662061C1EB00203657 /* Counter.app */,
				F4A8067A2061C1EB00203657 /* CounterTests.xctest */,
				F4A806852061C1EB00203657 /* CounterUITests.xctest */,
			);
			name = Products;
			sourceTree = "<group>";
		};
		F4A806682061C1EB00203657 /* Counter */ = {
			isa = PBXGroup;
			children = (
				F4A806692061C1EB00203657 /* AppDelegate.swift */,
				F4A8066B2061C1EB00203657 /* ViewController.swift */,
				F4A8066D2061C1EB00203657 /* Main.storyboard */,
				F4A806702061C1EB00203657 /* Assets.xcassets */,
				F4A806722061C1EB00203657 /* LaunchScreen.storyboard */,
				F4A806752061C1EB00203657 /* Info.plist */,
			);
			path = Counter;
			sourceTree = "<group>";
		};
		F4A8067D2061C1EB00203657 /* CounterTests */ = {
			isa = PBXGroup;
			children = (
				F4A8067E2061C1EB00203657 /* CounterTests.swift */,
				F4A806802061C1EB00203657 /* Info.plist */,
			);
			path = CounterTests;
			sourceTree = "<group>";
		};
		F4A806882061C1EB00203657 /* CounterUITests */ = {
			isa = PBXGroup;
			children = (
				F4A806892061C1EB00203657 /* CounterUITests.swift */,
				F4A8068B2061C1EB00203657 /* Info.plist */,
			);
			path = CounterUITests;
			sourceTree = "<group>";
		};
/* End PBXGroup section */

/* Begin PBXNativeTarget section */
		F4A806652061C1EB00203657 /* Counter */ = {
			isa = PBXNativeTarget;
			buildConfigurationList = F4A8068E2061C1EB00203657 /* Build configuration list for PBXNativeTarget "Counter" */;
			buildPhases = (
				F4A806622061C1EB00203657 /* Sources */,
				F4A806632061C1EB00203657 /* Frameworks */,
				F4A806642061C1EB00203657 /* Resources */,
			);
			buildRules = (
			);
			dependencies = (
			);
			name = Counter;
			productName = Counter;
			productReference = F4A806662061C1EB00203657 /* Counter.app */;
			productType = "com.apple.product-type.application";
		};
		F4A806792061C1EB00203657 /* CounterTests */ = {
			isa = PBXNativeTarget;
			buildConfigurationList = F4A806912061C1EB00203657 /* Build configuration list for PBXNativeTarget "CounterTests" */;
			buildPhases = (
				F4A806762061C1EB00203657 /* Sources */,
				F4A806772061C1EB00203657 /* Frameworks */,
				F4A806782061C1EB00203657 /* Resources */,
			);
			buildRules = (
			);
			dependencies = (
				F4A8067C2061C1EB00203657 /* PBXTargetDependency */,
			);
			name = CounterTests;
			productName = CounterTests;
			productReference = F4A8067A2061C1EB00203657 /* CounterTests.xctest */;
			productType = "com.apple.product-type.bundle.unit-test";
		};
		F4A806842061C1EB00203657 /* CounterUITests */ = {
			isa = PBXNativeTarget;
			buildConfigurationList = F4A806942061C1EB00203657 /* Build configuration list for PBXNativeTarget "CounterUITests" */;
			buildPhases = (
				F4A806812061C1EB00203657 /* Sources */,
				F4A806822061C1EB00203657 /* Frameworks */,
				F4A806832061C1EB00203657 /* Resources */,
			);
			buildRules = (
			);
			dependencies = (
				F4A806872061C1EB00203657 /* PBXTargetDependency */,
			);
			name = CounterUITests;
			productName = CounterUITests;
			productReference = F4A806852061C1EB00203657 /* CounterUITests.xctest */;
			productType = "com.apple.product-type.bundle.ui-testing";
		};
/* End PBXNativeTarget section */

/* Begin PBXProject section */
		F4A8065E2061C1EB00203657 /* Project object */ = {
			isa = PBXProject;
			attributes = {
				LastSwiftUpdateCheck = 0920;
				LastUpgradeCheck = 0920;
				ORGANIZATIONNAME = ckwanted;
				TargetAttributes = {
					F4A806652061C1EB00203657 = {
						CreatedOnToolsVersion = 9.2;
						ProvisioningStyle = Automatic;
					};
					F4A806792061C1EB00203657 = {
						CreatedOnToolsVersion = 9.2;
						ProvisioningStyle = Automatic;
						TestTargetID = F4A806652061C1EB00203657;
					};
					F4A806842061C1EB00203657 = {
						CreatedOnToolsVersion = 9.2;
						ProvisioningStyle = Automatic;
						TestTargetID = F4A806652061C1EB00203657;
					};
				};
			};
			buildConfigurationList = F4A806612061C1EB00203657 /* Build configuration list for PBXProject "Counter" */;
			compatibilityVersion = "Xcode 8.0";
			developmentRegion = en;
			hasScannedForEncodings = 0;
			knownRegions = (
				en,
				Base,
			);
			mainGroup = F4A8065D2061C1EB00203657;
			productRefGroup = F4A806672061C1EB00203657 /* Products */;
			projectDirPath = "";
			projectRoot = "";
			targets = (
				F4A806652061C1EB00203657 /* Counter */,
				F4A806792061C1EB00203657 /* CounterTests */,
				F4A806842061C1EB00203657 /* CounterUITests */,
			);
		};
/* End PBXProject section */

/* Begin PBXResourcesBuildPhase section */
		F4A806642061C1EB00203657 /* Resources */ = {
			isa = PBXResourcesBuildPhase;
			buildActionMask = 2147483647;
			files = (
				F4A806742061C1EB00203657 /* LaunchScreen.storyboard in Resources */,
				F4A806712061C1EB00203657 /* Assets.xcassets in Resources */,
				F4A8066F2061C1EB00203657 /* Main.storyboard in Resources */,
			);
			runOnlyForDeploymentPostprocessing = 0;
		};
		F4A806782061C1EB00203657 /* Resources */ = {
			isa = PBXResourcesBuildPhase;
			buildActionMask = 2147483647;
			files = (
			);
			runOnlyForDeploymentPostprocessing = 0;
		};
		F4A806832061C1EB00203657 /* Resources */ = {
			isa = PBXResourcesBuildPhase;
			buildActionMask = 2147483647;
			files = (
			);
			runOnlyForDeploymentPostprocessing = 0;
		};
/* End PBXResourcesBuildPhase section */

/* Begin PBXSourcesBuildPhase section */
		F4A806622061C1EB00203657 /* Sources */ = {
			isa = PBXSourcesBuildPhase;
			buildActionMask = 2147483647;
			files = (
				F4A8066C2061C1EB00203657 /* ViewController.swift in Sources */,
				F4A8066A2061C1EB00203657 /* AppDelegate.swift in Sources */,
			);
			runOnlyForDeploymentPostprocessing = 0;
		};
		F4A806762061C1EB00203657 /* Sources */ = {
			isa = PBXSourcesBuildPhase;
			buildActionMask = 2147483647;
			files = (
				F4A8067F2061C1EB00203657 /* CounterTests.swift in Sources */,
			);
			runOnlyForDeploymentPostprocessing = 0;
		};
		F4A806812061C1EB00203657 /* Sources */ = {
			isa = PBXSourcesBuildPhase;
			buildActionMask = 2147483647;
			files = (
				F4A8068A2061C1EB00203657 /* CounterUITests.swift in Sources */,
			);
			runOnlyForDeploymentPostprocessing = 0;
		};
/* End PBXSourcesBuildPhase section */

/* Begin PBXTargetDependency section */
		F4A8067C2061C1EB00203657 /* PBXTargetDependency */ = {
			isa = PBXTargetDependency;
			target = F4A806652061C1EB00203657 /* Counter */;
			targetProxy = F4A8067B2061C1EB00203657 /* PBXContainerItemProxy */;
		};
		F4A806872061C1EB00203657 /* PBXTargetDependency */ = {
			isa = PBXTargetDependency;
			target = F4A806652061C1EB00203657 /* Counter */;
			targetProxy = F4A806862061C1EB00203657 /* PBXContainerItemProxy */;
		};
/* End PBXTargetDependency section */

/* Begin PBXVariantGroup section */
		F4A8066D2061C1EB00203657 /* Main.storyboard */ = {
			isa = PBXVariantGroup;
			children = (
				F4A8066E2061C1EB00203657 /* Base */,
			);
			name = Main.storyboard;
			sourceTree = "<group>";
		};
		F4A806722061C1EB00203657 /* LaunchScreen.storyboard */ = {
			isa = PBXVariantGroup;
			children = (
				F4A806732061C1EB00203657 /* Base */,
			);
			name = LaunchScreen.storyboard;
			sourceTree = "<group>";
		};
/* End PBXVariantGroup section */

/* Begin XCBuildConfiguration section */
		F4A8068C2061C1EB00203657 /* Debug */ = {
			isa = XCBuildConfiguration;
			buildSettings = {
				ALWAYS_SEARCH_USER_PATHS = NO;
				CLANG_ANALYZER_NONNULL = YES;
				CLANG_ANALYZER_NUMBER_OBJECT_CONVERSION = YES_AGGRESSIVE;
				CLANG_CXX_LANGUAGE_STANDARD = "gnu++14";
				CLANG_CXX_LIBRARY = "libc++";
				CLANG_ENABLE_MODULES = YES;
				CLANG_ENABLE_OBJC_ARC = YES;
				CLANG_WARN_BLOCK_CAPTURE_AUTORELEASING = YES;
				CLANG_WARN_BOOL_CONVERSION = YES;
				CLANG_WARN_COMMA = YES;
				CLANG_WARN_CONSTANT_CONVERSION = YES;
				CLANG_WARN_DIRECT_OBJC_ISA_USAGE = YES_ERROR;
				CLANG_WARN_DOCUMENTATION_COMMENTS = YES;
				CLANG_WARN_EMPTY_BODY = YES;
				CLANG_WARN_ENUM_CONVERSION = YES;
				CLANG_WARN_INFINITE_RECURSION = YES;
				CLANG_WARN_INT_CONVERSION = YES;
				CLANG_WARN_NON_LITERAL_NULL_CONVERSION = YES;
				CLANG_WARN_OBJC_LITERAL_CONVERSION = YES;
				CLANG_WARN_OBJC_ROOT_CLASS = YES_ERROR;
				CLANG_WARN_RANGE_LOOP_ANALYSIS = YES;
				CLANG_WARN_STRICT_PROTOTYPES = YES;
				CLANG_WARN_SUSPICIOUS_MOVE = YES;
				CLANG_WARN_UNGUARDED_AVAILABILITY = YES_AGGRESSIVE;
				CLANG_WARN_UNREACHABLE_CODE = YES;
				CLANG_WARN__DUPLICATE_METHOD_MATCH = YES;
				CODE_SIGN_IDENTITY = "iPhone Developer";
				COPY_PHASE_STRIP = NO;
				DEBUG_INFORMATION_FORMAT = dwarf;
				ENABLE_STRICT_OBJC_MSGSEND = YES;
				ENABLE_TESTABILITY = YES;
				GCC_C_LANGUAGE_STANDARD = gnu11;
				GCC_DYNAMIC_NO_PIC = NO;
				GCC_NO_COMMON_BLOCKS = YES;
				GCC_OPTIMIZATION_LEVEL = 0;
				GCC_PREPROCESSOR_DEFINITIONS = (
					"DEBUG=1",
					"$(inherited)",
				);
				GCC_WARN_64_TO_32_BIT_CONVERSION = YES;
				GCC_WARN_ABOUT_RETURN_TYPE = YES_ERROR;
				GCC_WARN_UNDECLARED_SELECTOR = YES;
				GCC_WARN_UNINITIALIZED_AUTOS = YES_AGGRESSIVE;
				GCC_WARN_UNUSED_FUNCTION = YES;
				GCC_WARN_UNUSED_VARIABLE = YES;
				IPHONEOS_DEPLOYMENT_TARGET = 11.2;
				MTL_ENABLE_DEBUG_INFO = YES;
				ONLY_ACTIVE_ARCH = YES;
				SDKROOT = iphoneos;
				SWIFT_ACTIVE_COMPILATION_CONDITIONS = DEBUG;
				SWIFT_OPTIMIZATION_LEVEL = "-Onone";
			};
			name = Debug;
		};
		F4A8068D2061C1EB00203657 /* Release */ = {
			isa = XCBuildConfiguration;
			buildSettings = {
				ALWAYS_SEARCH_USER_PATHS = NO;
				CLANG_ANALYZER_NONNULL = YES;
				CLANG_ANALYZER_NUMBER_OBJECT_CONVERSION = YES_AGGRESSIVE;
				CLANG_CXX_LANGUAGE_STANDARD = "gnu++14";
				CLANG_CXX_LIBRARY = "libc++";
				CLANG_ENABLE_MODULES = YES;
				CLANG_ENABLE_OBJC_ARC = YES;
				CLANG_WARN_BLOCK_CAPTURE_AUTORELEASING = YES;
				CLANG_WARN_BOOL_CONVERSION = YES;
				CLANG_WARN_COMMA = YES;
				CLANG_WARN_CONSTANT_CONVERSION = YES;
				CLANG_WARN_DIRECT_OBJC_ISA_USAGE = YES_ERROR;
				CLANG_WARN_DOCUMENTATION_COMMENTS = YES;
				CLANG_WARN_EMPTY_BODY = YES;
				CLANG_WARN_ENUM_CONVERSION = YES;
				CLANG_WARN_INFINITE_RECURSION = YES;
				CLANG_WARN_INT_CONVERSION = YES;
				CLANG_WARN_NON_LITERAL_NULL_CONVERSION = YES;
				CLANG_WARN_OBJC_LITERAL_CONVERSION = YES;
				CLANG_WARN_OBJC_ROOT_CLASS = YES_ERROR;
				CLANG_WARN_RANGE_LOOP_ANALYSIS = YES;
				CLANG_WARN_STRICT_PROTOTYPES = YES;
				CLANG_WARN_SUSPICIOUS_MOVE = YES;
				CLANG_WARN_UNGUARDED_AVAILABILITY = YES_AGGRESSIVE;
				CLANG_WARN_UNREACHABLE_CODE = YES;
				CLANG_WARN__DUPLICATE_METHOD_MATCH = YES;
				CODE_SIGN_IDENTITY = "iPhone Developer";
				COPY_PHASE_STRIP = NO;
				DEBUG_INFORMATION_FORMAT = "dwarf-with-dsym";
				ENABLE_NS_ASSERTIONS = NO;
				ENABLE_STRICT_OBJC_MSGSEND = YES;
				GCC_C_LANGUAGE_STANDARD = gnu11;
				GCC_NO_COMMON_BLOCKS = YES;
				GCC_WARN_64_TO_32_BIT_CONVERSION = YES;
				GCC_WARN_ABOUT_RETURN_TYPE = YES_ERROR;
				GCC_WARN_UNDECLARED_SELECTOR = YES;
				GCC_WARN_UNINITIALIZED_AUTOS = YES_AGGRESSIVE;
				GCC_WARN_UNUSED_FUNCTION = YES;
				GCC_WARN_UNUSED_VARIABLE = YES;
				IPHONEOS_DEPLOYMENT_TARGET = 11.2;
				MTL_ENABLE_DEBUG_INFO = NO;
				SDKROOT = iphoneos;
				SWIFT_OPTIMIZATION_LEVEL = "-Owholemodule";
				VALIDATE_PRODUCT = YES;
			};
			name = Release;
		};
		F4A8068F2061C1EB00203657 /* Debug */ = {
			isa = XCBuildConfiguration;
			buildSettings = {
				ASSETCATALOG_COMPILER_APPICON_NAME = AppIcon;
				CODE_SIGN_STYLE = Automatic;
				INFOPLIST_FILE = Counter/Info.plist;
				LD_RUNPATH_SEARCH_PATHS = "$(inherited) @executable_path/Frameworks";
				PRODUCT_BUNDLE_IDENTIFIER = com.ckwanted.redux.Counter;
				PRODUCT_NAME = "$(TARGET_NAME)";
				SWIFT_VERSION = 4.0;
				TARGETED_DEVICE_FAMILY = "1,2";
			};
			name = Debug;
		};
		F4A806902061C1EB00203657 /* Release */ = {
			isa = XCBuildConfiguration;
			buildSettings = {
				ASSETCATALOG_COMPILER_APPICON_NAME = AppIcon;
				CODE_SIGN_STYLE = Automatic;
				INFOPLIST_FILE = Counter/Info.plist;
				LD_RUNPATH_SEARCH_PATHS = "$(inherited) @executable_path/Frameworks";
				PRODUCT_BUNDLE_IDENTIFIER = com.ckwanted.redux.Counter;
				PRODUCT_NAME = "$(TARGET_NAME)";
				SWIFT_VERSION = 4.0;
				TARGETED_DEVICE_FAMILY = "1,2";
			};
			name = Release;
		};
		F4A806922061C1EB00203657 /* Debug */ = {
			isa = XCBuildConfiguration;
			buildSettings = {
				ALWAYS_EMBED_SWIFT_STANDARD_LIBRARIES = YES;
				BUNDLE_LOADER = "$(TEST_HOST)";
				CODE_SIGN_STYLE = Automatic;
				INFOPLIST_FILE = CounterTests/Info.plist;
				LD_RUNPATH_SEARCH_PATHS = "$(inherited) @executable_path/Frameworks @loader_path/Frameworks";
				PRODUCT_BUNDLE_IDENTIFIER = com.ckwanted.redux.CounterTests;
				PRODUCT_NAME = "$(TARGET_NAME)";
				SWIFT_VERSION = 4.0;
				TARGETED_DEVICE_FAMILY = "1,2";
				TEST_HOST = "$(BUILT_PRODUCTS_DIR)/Counter.app/Counter";
			};
			name = Debug;
		};
		F4A806932061C1EB00203657 /* Release */ = {
			isa = XCBuildConfiguration;
			buildSettings = {
				ALWAYS_EMBED_SWIFT_STANDARD_LIBRARIES = YES;
				BUNDLE_LOADER = "$(TEST_HOST)";
				CODE_SIGN_STYLE = Automatic;
				INFOPLIST_FILE = CounterTests/Info.plist;
				LD_RUNPATH_SEARCH_PATHS = "$(inherited) @executable_path/Frameworks @loader_path/Frameworks";
				PRODUCT_BUNDLE_IDENTIFIER = com.ckwanted.redux.CounterTests;
				PRODUCT_NAME = "$(TARGET_NAME)";
				SWIFT_VERSION = 4.0;
				TARGETED_DEVICE_FAMILY = "1,2";
				TEST_HOST = "$(BUILT_PRODUCTS_DIR)/Counter.app/Counter";
			};
			name = Release;
		};
		F4A806952061C1EB00203657 /* Debug */ = {
			isa = XCBuildConfiguration;
			buildSettings = {
				ALWAYS_EMBED_SWIFT_STANDARD_LIBRARIES = YES;
				CODE_SIGN_STYLE = Automatic;
				INFOPLIST_FILE = CounterUITests/Info.plist;
				LD_RUNPATH_SEARCH_PATHS = "$(inherited) @executable_path/Frameworks @loader_path/Frameworks";
				PRODUCT_BUNDLE_IDENTIFIER = com.ckwanted.redux.CounterUITests;
				PRODUCT_NAME = "$(TARGET_NAME)";
				SWIFT_VERSION = 4.0;
				TARGETED_DEVICE_FAMILY = "1,2";
				TEST_TARGET_NAME = Counter;
			};
			name = Debug;
		};
		F4A806962061C1EB00203657 /* Release */ = {
			isa = XCBuildConfiguration;
			buildSettings = {
				ALWAYS_EMBED_SWIFT_STANDARD_LIBRARIES = YES;
				CODE_SIGN_STYLE = Automatic;
				INFOPLIST_FILE = CounterUITests/Info.plist;
				LD_RUNPATH_SEARCH_PATHS = "$(inherited) @executable_path/Frameworks @loader_path/Frameworks";
				PRODUCT_BUNDLE_IDENTIFIER = com.ckwanted.redux.CounterUITests;
				PRODUCT_NAME = "$(TARGET_NAME)";
				SWIFT_VERSION = 4.0;
				TARGETED_DEVICE_FAMILY = "1,2";
				TEST_TARGET_NAME = Counter;
			};
			name = Release;
		};
/* End XCBuildConfiguration section */

/* Begin XCConfigurationList section */
		F4A806612061C1EB00203657 /* Build configuration list for PBXProject "Counter" */ = {
			isa = XCConfigurationList;
			buildConfigurations = (
				F4A8068C2061C1EB00203657 /* Debug */,
				F4A8068D2061C1EB00203657 /* Release */,
			);
			defaultConfigurationIsVisible = 0;
			defaultConfigurationName = Release;
		};
		F4A8068E2061C1EB00203657 /* Build configuration list for PBXNativeTarget "Counter" */ = {
			isa = XCConfigurationList;
			buildConfigurations = (
				F4A8068F2061C1EB00203657 /* Debug */,
				F4A806902061C1EB00203657 /* Release */,
			);
			defaultConfigurationIsVisible = 0;
			defaultConfigurationName = Release;
		};
		F4A806912061C1EB00203657 /* Build configuration list for PBXNativeTarget "CounterTests" */ = {
			isa = XCConfigurationList;
			buildConfigurations = (
				F4A806922061C1EB00203657 /* Debug */,
				F4A806932061C1EB00203657 /* Release */,
			);
			defaultConfigurationIsVisible = 0;
			defaultConfigurationName = Release;
		};
		F4A806942061C1EB00203657 /* Build configuration list for PBXNativeTarget "CounterUITests" */ = {
			isa = XCConfigurationList;
			buildConfigurations = (
				F4A806952061C1EB00203657 /* Debug */,
				F4A806962061C1EB00203657 /* Release */,
			);
			defaultConfigurationIsVisible = 0;
			defaultConfigurationName = Release;
		};
/* End XCConfigurationList section */
	};
	rootObject = F4A8065E2061C1EB00203657 /* Project object */;
}
